
Microsoft Visual Studio Solution File, Format Version 12.00
# Visual Studio Version 17
VisualStudioVersion = 17.1.32414.318
MinimumVisualStudioVersion = 10.0.40219.1
Project("{FAE04EC0-301F-11D3-BF4B-00C04F79EFBC}") = "FuckCredential", "FuckCredential\FuckCredential.csproj", "{871D9F48-2D6F-40D8-B8B9-92536F1F2A3B}"
EndProject
Global
	GlobalSection(SolutionConfigurationPlatforms) = preSolution
		Debug|Any CPU = Debug|Any CPU
		Release|Any CPU = Release|Any CPU
	EndGlobalSection
	GlobalSection(ProjectConfigurationPlatforms) = postSolution
		{871D9F48-2D6F-40D8-B8B9-92536F1F2A3B}.Debug|Any CPU.ActiveCfg = Debug|Any CPU
		{871D9F48-2D6F-40D8-B8B9-92536F1F2A3B}.Debug|Any CPU.Build.0 = Debug|Any CPU
		{871D9F48-2D6F-40D8-B8B9-92536F1F2A3B}.Release|Any CPU.ActiveCfg = Release|Any CPU
		{871D9F48-2D6F-40D8-B8B9-92536F1F2A3B}.Release|Any CPU.Build.0 = Release|Any CPU
	EndGlobalSection
	GlobalSection(SolutionProperties) = preSolution
		HideSolutionNode = FALSE
	EndGlobalSection
	GlobalSection(ExtensibilityGlobals) = postSolution
		SolutionGuid = {357E8899-5D1C-4363-A610-993C340DECAC}
	EndGlobalSection
EndGlobal
