
Microsoft Visual Studio Solution File, Format Version 12.00
# Visual Studio Version 17
VisualStudioVersion = 17.1.32414.318
MinimumVisualStudioVersion = 10.0.40219.1
Project("{FAE04EC0-301F-11D3-BF4B-00C04F79EFBC}") = "fuckAzure", "fuckAzure\fuckAzure.csproj", "{86704097-B9C6-49E1-871A-8FC14802E02B}"
EndProject
Global
	GlobalSection(SolutionConfigurationPlatforms) = preSolution
		Debug|Any CPU = Debug|Any CPU
		Release|Any CPU = Release|Any CPU
	EndGlobalSection
	GlobalSection(ProjectConfigurationPlatforms) = postSolution
		{86704097-B9C6-49E1-871A-8FC14802E02B}.Debug|Any CPU.ActiveCfg = Debug|Any CPU
		{86704097-B9C6-49E1-871A-8FC14802E02B}.Debug|Any CPU.Build.0 = Debug|Any CPU
		{86704097-B9C6-49E1-871A-8FC14802E02B}.Release|Any CPU.ActiveCfg = Release|Any CPU
		{86704097-B9C6-49E1-871A-8FC14802E02B}.Release|Any CPU.Build.0 = Release|Any CPU
	EndGlobalSection
	GlobalSection(SolutionProperties) = preSolution
		HideSolutionNode = FALSE
	EndGlobalSection
	GlobalSection(ExtensibilityGlobals) = postSolution
		SolutionGuid = {64C77E1D-52C4-42FF-8AE9-839CC8FBF431}
	EndGlobalSection
EndGlobal
