
Microsoft Visual Studio Solution File, Format Version 12.00
# Visual Studio Version 17
VisualStudioVersion = 17.1.32414.318
MinimumVisualStudioVersion = 10.0.40219.1
Project("{FAE04EC0-301F-11D3-BF4B-00C04F79EFBC}") = "ConsoleApp1", "ConsoleApp1\ConsoleApp1.csproj", "{C0762BE8-032B-462F-980F-8B6415B0AC6F}"
EndProject
Global
	GlobalSection(SolutionConfigurationPlatforms) = preSolution
		Debug|Any CPU = Debug|Any CPU
		Release|Any CPU = Release|Any CPU
	EndGlobalSection
	GlobalSection(ProjectConfigurationPlatforms) = postSolution
		{C0762BE8-032B-462F-980F-8B6415B0AC6F}.Debug|Any CPU.ActiveCfg = Debug|Any CPU
		{C0762BE8-032B-462F-980F-8B6415B0AC6F}.Debug|Any CPU.Build.0 = Debug|Any CPU
		{C0762BE8-032B-462F-980F-8B6415B0AC6F}.Release|Any CPU.ActiveCfg = Release|Any CPU
		{C0762BE8-032B-462F-980F-8B6415B0AC6F}.Release|Any CPU.Build.0 = Release|Any CPU
	EndGlobalSection
	GlobalSection(SolutionProperties) = preSolution
		HideSolutionNode = FALSE
	EndGlobalSection
	GlobalSection(ExtensibilityGlobals) = postSolution
		SolutionGuid = {FB6E280A-3B23-49DF-AA29-0A877D67DA61}
	EndGlobalSection
EndGlobal
