
Microsoft Visual Studio Solution File, Format Version 12.00
# Visual Studio Version 17
VisualStudioVersion = 17.1.32414.318
MinimumVisualStudioVersion = 10.0.40219.1
Project("{FAE04EC0-301F-11D3-BF4B-00C04F79EFBC}") = "flurltestForm", "flurltestForm\flurltestForm.csproj", "{75BE2747-DAAE-41EC-8E0A-296559320A7F}"
EndProject
Global
	GlobalSection(SolutionConfigurationPlatforms) = preSolution
		Debug|Any CPU = Debug|Any CPU
		Release|Any CPU = Release|Any CPU
	EndGlobalSection
	GlobalSection(ProjectConfigurationPlatforms) = postSolution
		{75BE2747-DAAE-41EC-8E0A-296559320A7F}.Debug|Any CPU.ActiveCfg = Debug|Any CPU
		{75BE2747-DAAE-41EC-8E0A-296559320A7F}.Debug|Any CPU.Build.0 = Debug|Any CPU
		{75BE2747-DAAE-41EC-8E0A-296559320A7F}.Release|Any CPU.ActiveCfg = Release|Any CPU
		{75BE2747-DAAE-41EC-8E0A-296559320A7F}.Release|Any CPU.Build.0 = Release|Any CPU
	EndGlobalSection
	GlobalSection(SolutionProperties) = preSolution
		HideSolutionNode = FALSE
	EndGlobalSection
	GlobalSection(ExtensibilityGlobals) = postSolution
		SolutionGuid = {C0226AC1-C9F2-4D9D-8F81-FEF7342BBF5C}
	EndGlobalSection
EndGlobal
